// !$*UTF8*$!
{
	archiveVersion = 1;
	classes = {
	};
	objectVersion = 56;
	objects = {

/* Begin PBXBuildFile section */
		52775AAB2A9F8A710072DF4A /* AppDelegate.swift in Sources */ = {isa = PBXBuildFile; fileRef = 52775AAA2A9F8A710072DF4A /* AppDelegate.swift */; };
		52775AAD2A9F8A710072DF4A /* SceneDelegate.swift in Sources */ = {isa = PBXBuildFile; fileRef = 52775AAC2A9F8A710072DF4A /* SceneDelegate.swift */; };
		52775AB52A9F8A710072DF4A /* Music_For_Enaza.xcdatamodeld in Sources */ = {isa = PBXBuildFile; fileRef = 52775AB32A9F8A710072DF4A /* Music_For_Enaza.xcdatamodeld */; };
		52775AB72A9F8A730072DF4A /* Assets.xcassets in Resources */ = {isa = PBXBuildFile; fileRef = 52775AB62A9F8A730072DF4A /* Assets.xcassets */; };
		52775ABA2A9F8A730072DF4A /* LaunchScreen.storyboard in Resources */ = {isa = PBXBuildFile; fileRef = 52775AB82A9F8A730072DF4A /* LaunchScreen.storyboard */; };
		52775AC92A9F979E0072DF4A /* SongListViewController.swift in Sources */ = {isa = PBXBuildFile; fileRef = 52775AC82A9F979E0072DF4A /* SongListViewController.swift */; };
		52775ACB2A9F97B50072DF4A /* SongListPresenter.swift in Sources */ = {isa = PBXBuildFile; fileRef = 52775ACA2A9F97B50072DF4A /* SongListPresenter.swift */; };
		52775ACD2A9F97C50072DF4A /* SongListInteractor.swift in Sources */ = {isa = PBXBuildFile; fileRef = 52775ACC2A9F97C50072DF4A /* SongListInteractor.swift */; };
		52775ACF2A9F97D40072DF4A /* SongListRouter.swift in Sources */ = {isa = PBXBuildFile; fileRef = 52775ACE2A9F97D40072DF4A /* SongListRouter.swift */; };
		52775AD22A9F98290072DF4A /* SongListProtocols.swift in Sources */ = {isa = PBXBuildFile; fileRef = 52775AD12A9F98290072DF4A /* SongListProtocols.swift */; };
		52775AD42A9F983F0072DF4A /* SongListContainer.swift in Sources */ = {isa = PBXBuildFile; fileRef = 52775AD32A9F983F0072DF4A /* SongListContainer.swift */; };
		52775AD72A9FA7770072DF4A /* SongCell.swift in Sources */ = {isa = PBXBuildFile; fileRef = 52775AD62A9FA7770072DF4A /* SongCell.swift */; };
		529178C12AA0C83B00804D78 /* MusicPlayerViewController.swift in Sources */ = {isa = PBXBuildFile; fileRef = 529178C02AA0C83B00804D78 /* MusicPlayerViewController.swift */; };
		529178C32AA0C84800804D78 /* MusicPlayerPresenter.swift in Sources */ = {isa = PBXBuildFile; fileRef = 529178C22AA0C84800804D78 /* MusicPlayerPresenter.swift */; };
		529178C52AA0C87200804D78 /* MusicPlayerInteractor.swift in Sources */ = {isa = PBXBuildFile; fileRef = 529178C42AA0C87200804D78 /* MusicPlayerInteractor.swift */; };
		529178C72AA0C88100804D78 /* MusicPlayerRouter.swift in Sources */ = {isa = PBXBuildFile; fileRef = 529178C62AA0C88100804D78 /* MusicPlayerRouter.swift */; };
		529178C92AA0C89900804D78 /* MusicPlayerProtocols.swift in Sources */ = {isa = PBXBuildFile; fileRef = 529178C82AA0C89900804D78 /* MusicPlayerProtocols.swift */; };
		529178CB2AA0C8AC00804D78 /* MusicPlayerContainer.swift in Sources */ = {isa = PBXBuildFile; fileRef = 529178CA2AA0C8AC00804D78 /* MusicPlayerContainer.swift */; };
		52BD67932AA1046700442D0B /* music1.mp3 in Resources */ = {isa = PBXBuildFile; fileRef = 52BD67922AA1046700442D0B /* music1.mp3 */; };
		52BD67952AA1048700442D0B /* music2.mp3 in Resources */ = {isa = PBXBuildFile; fileRef = 52BD67942AA1048700442D0B /* music2.mp3 */; };
		52BD67972AA104A400442D0B /* music3.mp3 in Resources */ = {isa = PBXBuildFile; fileRef = 52BD67962AA104A400442D0B /* music3.mp3 */; };
		52BD67992AA104AD00442D0B /* music4.mp3 in Resources */ = {isa = PBXBuildFile; fileRef = 52BD67982AA104AD00442D0B /* music4.mp3 */; };
		52BD679B2AA104B400442D0B /* music5.mp3 in Resources */ = {isa = PBXBuildFile; fileRef = 52BD679A2AA104B400442D0B /* music5.mp3 */; };
/* End PBXBuildFile section */

/* Begin PBXFileReference section */
		52775AA72A9F8A710072DF4A /* Music For Enaza.app */ = {isa = PBXFileReference; explicitFileType = wrapper.application; includeInIndex = 0; path = "Music For Enaza.app"; sourceTree = BUILT_PRODUCTS_DIR; };
		52775AAA2A9F8A710072DF4A /* AppDelegate.swift */ = {isa = PBXFileReference; lastKnownFileType = sourcecode.swift; path = AppDelegate.swift; sourceTree = "<group>"; };
		52775AAC2A9F8A710072DF4A /* SceneDelegate.swift */ = {isa = PBXFileReference; lastKnownFileType = sourcecode.swift; path = SceneDelegate.swift; sourceTree = "<group>"; };
		52775AB42A9F8A710072DF4A /* Music_For_Enaza.xcdatamodel */ = {isa = PBXFileReference; lastKnownFileType = wrapper.xcdatamodel; path = Music_For_Enaza.xcdatamodel; sourceTree = "<group>"; };
		52775AB62A9F8A730072DF4A /* Assets.xcassets */ = {isa = PBXFileReference; lastKnownFileType = folder.assetcatalog; path = Assets.xcassets; sourceTree = "<group>"; };
		52775AB92A9F8A730072DF4A /* Base */ = {isa = PBXFileReference; lastKnownFileType = file.storyboard; name = Base; path = Base.lproj/LaunchScreen.storyboard; sourceTree = "<group>"; };
		52775ABB2A9F8A730072DF4A /* Info.plist */ = {isa = PBXFileReference; lastKnownFileType = text.plist.xml; path = Info.plist; sourceTree = "<group>"; };
		52775AC82A9F979E0072DF4A /* SongListViewController.swift */ = {isa = PBXFileReference; lastKnownFileType = sourcecode.swift; path = SongListViewController.swift; sourceTree = "<group>"; };
		52775ACA2A9F97B50072DF4A /* SongListPresenter.swift */ = {isa = PBXFileReference; lastKnownFileType = sourcecode.swift; path = SongListPresenter.swift; sourceTree = "<group>"; };
		52775ACC2A9F97C50072DF4A /* SongListInteractor.swift */ = {isa = PBXFileReference; lastKnownFileType = sourcecode.swift; path = SongListInteractor.swift; sourceTree = "<group>"; };
		52775ACE2A9F97D40072DF4A /* SongListRouter.swift */ = {isa = PBXFileReference; lastKnownFileType = sourcecode.swift; path = SongListRouter.swift; sourceTree = "<group>"; };
		52775AD12A9F98290072DF4A /* SongListProtocols.swift */ = {isa = PBXFileReference; lastKnownFileType = sourcecode.swift; path = SongListProtocols.swift; sourceTree = "<group>"; };
		52775AD32A9F983F0072DF4A /* SongListContainer.swift */ = {isa = PBXFileReference; lastKnownFileType = sourcecode.swift; path = SongListContainer.swift; sourceTree = "<group>"; };
		52775AD62A9FA7770072DF4A /* SongCell.swift */ = {isa = PBXFileReference; lastKnownFileType = sourcecode.swift; path = SongCell.swift; sourceTree = "<group>"; };
		529178C02AA0C83B00804D78 /* MusicPlayerViewController.swift */ = {isa = PBXFileReference; lastKnownFileType = sourcecode.swift; path = MusicPlayerViewController.swift; sourceTree = "<group>"; };
		529178C22AA0C84800804D78 /* MusicPlayerPresenter.swift */ = {isa = PBXFileReference; lastKnownFileType = sourcecode.swift; path = MusicPlayerPresenter.swift; sourceTree = "<group>"; };
		529178C42AA0C87200804D78 /* MusicPlayerInteractor.swift */ = {isa = PBXFileReference; lastKnownFileType = sourcecode.swift; path = MusicPlayerInteractor.swift; sourceTree = "<group>"; };
		529178C62AA0C88100804D78 /* MusicPlayerRouter.swift */ = {isa = PBXFileReference; lastKnownFileType = sourcecode.swift; path = MusicPlayerRouter.swift; sourceTree = "<group>"; };
		529178C82AA0C89900804D78 /* MusicPlayerProtocols.swift */ = {isa = PBXFileReference; lastKnownFileType = sourcecode.swift; path = MusicPlayerProtocols.swift; sourceTree = "<group>"; };
		529178CA2AA0C8AC00804D78 /* MusicPlayerContainer.swift */ = {isa = PBXFileReference; lastKnownFileType = sourcecode.swift; path = MusicPlayerContainer.swift; sourceTree = "<group>"; };
		52BD67922AA1046700442D0B /* music1.mp3 */ = {isa = PBXFileReference; lastKnownFileType = audio.mp3; path = music1.mp3; sourceTree = "<group>"; };
		52BD67942AA1048700442D0B /* music2.mp3 */ = {isa = PBXFileReference; lastKnownFileType = audio.mp3; path = music2.mp3; sourceTree = "<group>"; };
		52BD67962AA104A400442D0B /* music3.mp3 */ = {isa = PBXFileReference; lastKnownFileType = audio.mp3; path = music3.mp3; sourceTree = "<group>"; };
		52BD67982AA104AD00442D0B /* music4.mp3 */ = {isa = PBXFileReference; lastKnownFileType = audio.mp3; path = music4.mp3; sourceTree = "<group>"; };
		52BD679A2AA104B400442D0B /* music5.mp3 */ = {isa = PBXFileReference; lastKnownFileType = audio.mp3; path = music5.mp3; sourceTree = "<group>"; };
/* End PBXFileReference section */

/* Begin PBXFrameworksBuildPhase section */
		52775AA42A9F8A710072DF4A /* Frameworks */ = {
			isa = PBXFrameworksBuildPhase;
			buildActionMask = 2147483647;
			files = (
			);
			runOnlyForDeploymentPostprocessing = 0;
		};
/* End PBXFrameworksBuildPhase section */

/* Begin PBXGroup section */
		52775A9E2A9F8A710072DF4A = {
			isa = PBXGroup;
			children = (
				52775AA92A9F8A710072DF4A /* Music For Enaza */,
				52775AA82A9F8A710072DF4A /* Products */,
			);
			sourceTree = "<group>";
		};
		52775AA82A9F8A710072DF4A /* Products */ = {
			isa = PBXGroup;
			children = (
				52775AA72A9F8A710072DF4A /* Music For Enaza.app */,
			);
			name = Products;
			sourceTree = "<group>";
		};
		52775AA92A9F8A710072DF4A /* Music For Enaza */ = {
			isa = PBXGroup;
			children = (
				52775AC12A9F927A0072DF4A /* App Delegate */,
				52775AC52A9F939A0072DF4A /* Modules */,
				52775AD02A9F97E30072DF4A /* Models */,
				52775AC22A9F92930072DF4A /* Resources */,
				52775AC32A9F92AA0072DF4A /* Launch Screen */,
				52775AC42A9F92D70072DF4A /* Supporting Files */,
			);
			path = "Music For Enaza";
			sourceTree = "<group>";
		};
		52775AC12A9F927A0072DF4A /* App Delegate */ = {
			isa = PBXGroup;
			children = (
				52775AAA2A9F8A710072DF4A /* AppDelegate.swift */,
				52775AAC2A9F8A710072DF4A /* SceneDelegate.swift */,
			);
			path = "App Delegate";
			sourceTree = "<group>";
		};
		52775AC22A9F92930072DF4A /* Resources */ = {
			isa = PBXGroup;
			children = (
				52BD67922AA1046700442D0B /* music1.mp3 */,
				52BD67942AA1048700442D0B /* music2.mp3 */,
				52BD67962AA104A400442D0B /* music3.mp3 */,
				52BD67982AA104AD00442D0B /* music4.mp3 */,
				52BD679A2AA104B400442D0B /* music5.mp3 */,
				52775AB62A9F8A730072DF4A /* Assets.xcassets */,
			);
			path = Resources;
			sourceTree = "<group>";
		};
		52775AC32A9F92AA0072DF4A /* Launch Screen */ = {
			isa = PBXGroup;
			children = (
				52775AB82A9F8A730072DF4A /* LaunchScreen.storyboard */,
			);
			path = "Launch Screen";
			sourceTree = "<group>";
		};
		52775AC42A9F92D70072DF4A /* Supporting Files */ = {
			isa = PBXGroup;
			children = (
				52775ABB2A9F8A730072DF4A /* Info.plist */,
				52775AB32A9F8A710072DF4A /* Music_For_Enaza.xcdatamodeld */,
			);
			path = "Supporting Files";
			sourceTree = "<group>";
		};
		52775AC52A9F939A0072DF4A /* Modules */ = {
			isa = PBXGroup;
			children = (
				52775AC62A9F93EB0072DF4A /* SongList */,
				52775AC72A9F94800072DF4A /* MusicPlayer */,
			);
			name = Modules;
			sourceTree = "<group>";
		};
		52775AC62A9F93EB0072DF4A /* SongList */ = {
			isa = PBXGroup;
			children = (
				52775AD52A9FA75C0072DF4A /* Cells */,
				52775AC82A9F979E0072DF4A /* SongListViewController.swift */,
				52775ACC2A9F97C50072DF4A /* SongListInteractor.swift */,
				52775ACA2A9F97B50072DF4A /* SongListPresenter.swift */,
				52775ACE2A9F97D40072DF4A /* SongListRouter.swift */,
				52775AD12A9F98290072DF4A /* SongListProtocols.swift */,
				52775AD32A9F983F0072DF4A /* SongListContainer.swift */,
			);
			path = SongList;
			sourceTree = "<group>";
		};
		52775AC72A9F94800072DF4A /* MusicPlayer */ = {
			isa = PBXGroup;
			children = (
				529178C02AA0C83B00804D78 /* MusicPlayerViewController.swift */,
				529178C22AA0C84800804D78 /* MusicPlayerPresenter.swift */,
				529178C42AA0C87200804D78 /* MusicPlayerInteractor.swift */,
				529178C62AA0C88100804D78 /* MusicPlayerRouter.swift */,
				529178C82AA0C89900804D78 /* MusicPlayerProtocols.swift */,
				529178CA2AA0C8AC00804D78 /* MusicPlayerContainer.swift */,
			);
			name = MusicPlayer;
			sourceTree = "<group>";
		};
		52775AD02A9F97E30072DF4A /* Models */ = {
			isa = PBXGroup;
			children = (
			);
			name = Models;
			sourceTree = "<group>";
		};
		52775AD52A9FA75C0072DF4A /* Cells */ = {
			isa = PBXGroup;
			children = (
				52775AD62A9FA7770072DF4A /* SongCell.swift */,
			);
			path = Cells;
			sourceTree = "<group>";
		};
/* End PBXGroup section */

/* Begin PBXNativeTarget section */
		52775AA62A9F8A710072DF4A /* Music For Enaza */ = {
			isa = PBXNativeTarget;
			buildConfigurationList = 52775ABE2A9F8A730072DF4A /* Build configuration list for PBXNativeTarget "Music For Enaza" */;
			buildPhases = (
				52775AA32A9F8A710072DF4A /* Sources */,
				52775AA42A9F8A710072DF4A /* Frameworks */,
				52775AA52A9F8A710072DF4A /* Resources */,
			);
			buildRules = (
			);
			dependencies = (
			);
			name = "Music For Enaza";
			productName = "Music For Enaza";
			productReference = 52775AA72A9F8A710072DF4A /* Music For Enaza.app */;
			productType = "com.apple.product-type.application";
		};
/* End PBXNativeTarget section */

/* Begin PBXProject section */
		52775A9F2A9F8A710072DF4A /* Project object */ = {
			isa = PBXProject;
			attributes = {
				BuildIndependentTargetsInParallel = 1;
				LastSwiftUpdateCheck = 1410;
				LastUpgradeCheck = 1410;
				TargetAttributes = {
					52775AA62A9F8A710072DF4A = {
						CreatedOnToolsVersion = 14.1;
					};
				};
			};
			buildConfigurationList = 52775AA22A9F8A710072DF4A /* Build configuration list for PBXProject "Music For Enaza" */;
			compatibilityVersion = "Xcode 14.0";
			developmentRegion = en;
			hasScannedForEncodings = 0;
			knownRegions = (
				en,
				Base,
			);
			mainGroup = 52775A9E2A9F8A710072DF4A;
			productRefGroup = 52775AA82A9F8A710072DF4A /* Products */;
			projectDirPath = "";
			projectRoot = "";
			targets = (
				52775AA62A9F8A710072DF4A /* Music For Enaza */,
			);
		};
/* End PBXProject section */

/* Begin PBXResourcesBuildPhase section */
		52775AA52A9F8A710072DF4A /* Resources */ = {
			isa = PBXResourcesBuildPhase;
			buildActionMask = 2147483647;
			files = (
				52775ABA2A9F8A730072DF4A /* LaunchScreen.storyboard in Resources */,
				52BD67972AA104A400442D0B /* music3.mp3 in Resources */,
				52775AB72A9F8A730072DF4A /* Assets.xcassets in Resources */,
				52BD67952AA1048700442D0B /* music2.mp3 in Resources */,
				52BD679B2AA104B400442D0B /* music5.mp3 in Resources */,
				52BD67992AA104AD00442D0B /* music4.mp3 in Resources */,
				52BD67932AA1046700442D0B /* music1.mp3 in Resources */,
			);
			runOnlyForDeploymentPostprocessing = 0;
		};
/* End PBXResourcesBuildPhase section */

/* Begin PBXSourcesBuildPhase section */
		52775AA32A9F8A710072DF4A /* Sources */ = {
			isa = PBXSourcesBuildPhase;
			buildActionMask = 2147483647;
			files = (
				52775AD42A9F983F0072DF4A /* SongListContainer.swift in Sources */,
				529178C72AA0C88100804D78 /* MusicPlayerRouter.swift in Sources */,
				52775AB52A9F8A710072DF4A /* Music_For_Enaza.xcdatamodeld in Sources */,
				52775AAB2A9F8A710072DF4A /* AppDelegate.swift in Sources */,
				529178C32AA0C84800804D78 /* MusicPlayerPresenter.swift in Sources */,
				52775ACF2A9F97D40072DF4A /* SongListRouter.swift in Sources */,
				529178CB2AA0C8AC00804D78 /* MusicPlayerContainer.swift in Sources */,
				52775ACB2A9F97B50072DF4A /* SongListPresenter.swift in Sources */,
				529178C92AA0C89900804D78 /* MusicPlayerProtocols.swift in Sources */,
				52775AD22A9F98290072DF4A /* SongListProtocols.swift in Sources */,
				52775ACD2A9F97C50072DF4A /* SongListInteractor.swift in Sources */,
				52775AAD2A9F8A710072DF4A /* SceneDelegate.swift in Sources */,
				52775AD72A9FA7770072DF4A /* SongCell.swift in Sources */,
				529178C12AA0C83B00804D78 /* MusicPlayerViewController.swift in Sources */,
				52775AC92A9F979E0072DF4A /* SongListViewController.swift in Sources */,
				529178C52AA0C87200804D78 /* MusicPlayerInteractor.swift in Sources */,
			);
			runOnlyForDeploymentPostprocessing = 0;
		};
/* End PBXSourcesBuildPhase section */

/* Begin PBXVariantGroup section */
		52775AB82A9F8A730072DF4A /* LaunchScreen.storyboard */ = {
			isa = PBXVariantGroup;
			children = (
				52775AB92A9F8A730072DF4A /* Base */,
			);
			name = LaunchScreen.storyboard;
			sourceTree = "<group>";
		};
/* End PBXVariantGroup section */

/* Begin XCBuildConfiguration section */
		52775ABC2A9F8A730072DF4A /* Debug */ = {
			isa = XCBuildConfiguration;
			buildSettings = {
				ALWAYS_SEARCH_USER_PATHS = NO;
				CLANG_ANALYZER_NONNULL = YES;
				CLANG_ANALYZER_NUMBER_OBJECT_CONVERSION = YES_AGGRESSIVE;
				CLANG_CXX_LANGUAGE_STANDARD = "gnu++20";
				CLANG_ENABLE_MODULES = YES;
				CLANG_ENABLE_OBJC_ARC = YES;
				CLANG_ENABLE_OBJC_WEAK = YES;
				CLANG_WARN_BLOCK_CAPTURE_AUTORELEASING = YES;
				CLANG_WARN_BOOL_CONVERSION = YES;
				CLANG_WARN_COMMA = YES;
				CLANG_WARN_CONSTANT_CONVERSION = YES;
				CLANG_WARN_DEPRECATED_OBJC_IMPLEMENTATIONS = YES;
				CLANG_WARN_DIRECT_OBJC_ISA_USAGE = YES_ERROR;
				CLANG_WARN_DOCUMENTATION_COMMENTS = YES;
				CLANG_WARN_EMPTY_BODY = YES;
				CLANG_WARN_ENUM_CONVERSION = YES;
				CLANG_WARN_INFINITE_RECURSION = YES;
				CLANG_WARN_INT_CONVERSION = YES;
				CLANG_WARN_NON_LITERAL_NULL_CONVERSION = YES;
				CLANG_WARN_OBJC_IMPLICIT_RETAIN_SELF = YES;
				CLANG_WARN_OBJC_LITERAL_CONVERSION = YES;
				CLANG_WARN_OBJC_ROOT_CLASS = YES_ERROR;
				CLANG_WARN_QUOTED_INCLUDE_IN_FRAMEWORK_HEADER = YES;
				CLANG_WARN_RANGE_LOOP_ANALYSIS = YES;
				CLANG_WARN_STRICT_PROTOTYPES = YES;
				CLANG_WARN_SUSPICIOUS_MOVE = YES;
				CLANG_WARN_UNGUARDED_AVAILABILITY = YES_AGGRESSIVE;
				CLANG_WARN_UNREACHABLE_CODE = YES;
				CLANG_WARN__DUPLICATE_METHOD_MATCH = YES;
				COPY_PHASE_STRIP = NO;
				DEBUG_INFORMATION_FORMAT = dwarf;
				ENABLE_STRICT_OBJC_MSGSEND = YES;
				ENABLE_TESTABILITY = YES;
				GCC_C_LANGUAGE_STANDARD = gnu11;
				GCC_DYNAMIC_NO_PIC = NO;
				GCC_NO_COMMON_BLOCKS = YES;
				GCC_OPTIMIZATION_LEVEL = 0;
				GCC_PREPROCESSOR_DEFINITIONS = (
					"DEBUG=1",
					"$(inherited)",
				);
				GCC_WARN_64_TO_32_BIT_CONVERSION = YES;
				GCC_WARN_ABOUT_RETURN_TYPE = YES_ERROR;
				GCC_WARN_UNDECLARED_SELECTOR = YES;
				GCC_WARN_UNINITIALIZED_AUTOS = YES_AGGRESSIVE;
				GCC_WARN_UNUSED_FUNCTION = YES;
				GCC_WARN_UNUSED_VARIABLE = YES;
				IPHONEOS_DEPLOYMENT_TARGET = 16.1;
				MTL_ENABLE_DEBUG_INFO = INCLUDE_SOURCE;
				MTL_FAST_MATH = YES;
				ONLY_ACTIVE_ARCH = YES;
				SDKROOT = iphoneos;
				SWIFT_ACTIVE_COMPILATION_CONDITIONS = DEBUG;
				SWIFT_OPTIMIZATION_LEVEL = "-Onone";
			};
			name = Debug;
		};
		52775ABD2A9F8A730072DF4A /* Release */ = {
			isa = XCBuildConfiguration;
			buildSettings = {
				ALWAYS_SEARCH_USER_PATHS = NO;
				CLANG_ANALYZER_NONNULL = YES;
				CLANG_ANALYZER_NUMBER_OBJECT_CONVERSION = YES_AGGRESSIVE;
				CLANG_CXX_LANGUAGE_STANDARD = "gnu++20";
				CLANG_ENABLE_MODULES = YES;
				CLANG_ENABLE_OBJC_ARC = YES;
				CLANG_ENABLE_OBJC_WEAK = YES;
				CLANG_WARN_BLOCK_CAPTURE_AUTORELEASING = YES;
				CLANG_WARN_BOOL_CONVERSION = YES;
				CLANG_WARN_COMMA = YES;
				CLANG_WARN_CONSTANT_CONVERSION = YES;
				CLANG_WARN_DEPRECATED_OBJC_IMPLEMENTATIONS = YES;
				CLANG_WARN_DIRECT_OBJC_ISA_USAGE = YES_ERROR;
				CLANG_WARN_DOCUMENTATION_COMMENTS = YES;
				CLANG_WARN_EMPTY_BODY = YES;
				CLANG_WARN_ENUM_CONVERSION = YES;
				CLANG_WARN_INFINITE_RECURSION = YES;
				CLANG_WARN_INT_CONVERSION = YES;
				CLANG_WARN_NON_LITERAL_NULL_CONVERSION = YES;
				CLANG_WARN_OBJC_IMPLICIT_RETAIN_SELF = YES;
				CLANG_WARN_OBJC_LITERAL_CONVERSION = YES;
				CLANG_WARN_OBJC_ROOT_CLASS = YES_ERROR;
				CLANG_WARN_QUOTED_INCLUDE_IN_FRAMEWORK_HEADER = YES;
				CLANG_WARN_RANGE_LOOP_ANALYSIS = YES;
				CLANG_WARN_STRICT_PROTOTYPES = YES;
				CLANG_WARN_SUSPICIOUS_MOVE = YES;
				CLANG_WARN_UNGUARDED_AVAILABILITY = YES_AGGRESSIVE;
				CLANG_WARN_UNREACHABLE_CODE = YES;
				CLANG_WARN__DUPLICATE_METHOD_MATCH = YES;
				COPY_PHASE_STRIP = NO;
				DEBUG_INFORMATION_FORMAT = "dwarf-with-dsym";
				ENABLE_NS_ASSERTIONS = NO;
				ENABLE_STRICT_OBJC_MSGSEND = YES;
				GCC_C_LANGUAGE_STANDARD = gnu11;
				GCC_NO_COMMON_BLOCKS = YES;
				GCC_WARN_64_TO_32_BIT_CONVERSION = YES;
				GCC_WARN_ABOUT_RETURN_TYPE = YES_ERROR;
				GCC_WARN_UNDECLARED_SELECTOR = YES;
				GCC_WARN_UNINITIALIZED_AUTOS = YES_AGGRESSIVE;
				GCC_WARN_UNUSED_FUNCTION = YES;
				GCC_WARN_UNUSED_VARIABLE = YES;
				IPHONEOS_DEPLOYMENT_TARGET = 16.1;
				MTL_ENABLE_DEBUG_INFO = NO;
				MTL_FAST_MATH = YES;
				SDKROOT = iphoneos;
				SWIFT_COMPILATION_MODE = wholemodule;
				SWIFT_OPTIMIZATION_LEVEL = "-O";
				VALIDATE_PRODUCT = YES;
			};
			name = Release;
		};
		52775ABF2A9F8A730072DF4A /* Debug */ = {
			isa = XCBuildConfiguration;
			buildSettings = {
				ASSETCATALOG_COMPILER_APPICON_NAME = AppIcon;
				ASSETCATALOG_COMPILER_GLOBAL_ACCENT_COLOR_NAME = AccentColor;
				CODE_SIGN_STYLE = Automatic;
				CURRENT_PROJECT_VERSION = 1;
				DEVELOPMENT_TEAM = 8BZBKDJH8Z;
				GENERATE_INFOPLIST_FILE = YES;
				INFOPLIST_FILE = "Music For Enaza/Supporting Files/Info.plist";
				INFOPLIST_KEY_UIApplicationSupportsIndirectInputEvents = YES;
				INFOPLIST_KEY_UILaunchStoryboardName = LaunchScreen;
				INFOPLIST_KEY_UIMainStoryboardFile = "";
				INFOPLIST_KEY_UISupportedInterfaceOrientations_iPad = "UIInterfaceOrientationPortrait UIInterfaceOrientationPortraitUpsideDown UIInterfaceOrientationLandscapeLeft UIInterfaceOrientationLandscapeRight";
				INFOPLIST_KEY_UISupportedInterfaceOrientations_iPhone = "UIInterfaceOrientationPortrait UIInterfaceOrientationLandscapeLeft UIInterfaceOrientationLandscapeRight";
				LD_RUNPATH_SEARCH_PATHS = (
					"$(inherited)",
					"@executable_path/Frameworks",
				);
				MARKETING_VERSION = 1.0;
				PRODUCT_BUNDLE_IDENTIFIER = "Igdisanov.Music-For-Enaza";
				PRODUCT_NAME = "$(TARGET_NAME)";
				SWIFT_EMIT_LOC_STRINGS = YES;
				SWIFT_VERSION = 5.0;
				TARGETED_DEVICE_FAMILY = "1,2";
			};
			name = Debug;
		};
		52775AC02A9F8A730072DF4A /* Release */ = {
			isa = XCBuildConfiguration;
			buildSettings = {
				ASSETCATALOG_COMPILER_APPICON_NAME = AppIcon;
				ASSETCATALOG_COMPILER_GLOBAL_ACCENT_COLOR_NAME = AccentColor;
				CODE_SIGN_STYLE = Automatic;
				CURRENT_PROJECT_VERSION = 1;
				DEVELOPMENT_TEAM = 8BZBKDJH8Z;
				GENERATE_INFOPLIST_FILE = YES;
				INFOPLIST_FILE = "Music For Enaza/Supporting Files/Info.plist";
				INFOPLIST_KEY_UIApplicationSupportsIndirectInputEvents = YES;
				INFOPLIST_KEY_UILaunchStoryboardName = LaunchScreen;
				INFOPLIST_KEY_UIMainStoryboardFile = "";
				INFOPLIST_KEY_UISupportedInterfaceOrientations_iPad = "UIInterfaceOrientationPortrait UIInterfaceOrientationPortraitUpsideDown UIInterfaceOrientationLandscapeLeft UIInterfaceOrientationLandscapeRight";
				INFOPLIST_KEY_UISupportedInterfaceOrientations_iPhone = "UIInterfaceOrientationPortrait UIInterfaceOrientationLandscapeLeft UIInterfaceOrientationLandscapeRight";
				LD_RUNPATH_SEARCH_PATHS = (
					"$(inherited)",
					"@executable_path/Frameworks",
				);
				MARKETING_VERSION = 1.0;
				PRODUCT_BUNDLE_IDENTIFIER = "Igdisanov.Music-For-Enaza";
				PRODUCT_NAME = "$(TARGET_NAME)";
				SWIFT_EMIT_LOC_STRINGS = YES;
				SWIFT_VERSION = 5.0;
				TARGETED_DEVICE_FAMILY = "1,2";
			};
			name = Release;
		};
/* End XCBuildConfiguration section */

/* Begin XCConfigurationList section */
		52775AA22A9F8A710072DF4A /* Build configuration list for PBXProject "Music For Enaza" */ = {
			isa = XCConfigurationList;
			buildConfigurations = (
				52775ABC2A9F8A730072DF4A /* Debug */,
				52775ABD2A9F8A730072DF4A /* Release */,
			);
			defaultConfigurationIsVisible = 0;
			defaultConfigurationName = Release;
		};
		52775ABE2A9F8A730072DF4A /* Build configuration list for PBXNativeTarget "Music For Enaza" */ = {
			isa = XCConfigurationList;
			buildConfigurations = (
				52775ABF2A9F8A730072DF4A /* Debug */,
				52775AC02A9F8A730072DF4A /* Release */,
			);
			defaultConfigurationIsVisible = 0;
			defaultConfigurationName = Release;
		};
/* End XCConfigurationList section */

/* Begin XCVersionGroup section */
		52775AB32A9F8A710072DF4A /* Music_For_Enaza.xcdatamodeld */ = {
			isa = XCVersionGroup;
			children = (
				52775AB42A9F8A710072DF4A /* Music_For_Enaza.xcdatamodel */,
			);
			currentVersion = 52775AB42A9F8A710072DF4A /* Music_For_Enaza.xcdatamodel */;
			path = Music_For_Enaza.xcdatamodeld;
			sourceTree = "<group>";
			versionGroupType = wrapper.xcdatamodel;
		};
/* End XCVersionGroup section */
	};
	rootObject = 52775A9F2A9F8A710072DF4A /* Project object */;
}
